
Microsoft Visual Studio Solution File, Format Version 12.00
Project("{FAE04EC0-301F-11D3-BF4B-00C04F79EFBC}") = "Wolfenstein1992", "Wolfenstein1992\Wolfenstein1992.csproj", "{1E0DAA5C-A3A3-45B9-ABBA-0120ABC8DF03}"
EndProject
Global
	GlobalSection(SolutionConfigurationPlatforms) = preSolution
		Debug|Any CPU = Debug|Any CPU
		Release|Any CPU = Release|Any CPU
	EndGlobalSection
	GlobalSection(ProjectConfigurationPlatforms) = postSolution
		{1E0DAA5C-A3A3-45B9-ABBA-0120ABC8DF03}.Debug|Any CPU.ActiveCfg = Debug|Any CPU
		{1E0DAA5C-A3A3-45B9-ABBA-0120ABC8DF03}.Debug|Any CPU.Build.0 = Debug|Any CPU
		{1E0DAA5C-A3A3-45B9-ABBA-0120ABC8DF03}.Release|Any CPU.ActiveCfg = Release|Any CPU
		{1E0DAA5C-A3A3-45B9-ABBA-0120ABC8DF03}.Release|Any CPU.Build.0 = Release|Any CPU
	EndGlobalSection
EndGlobal
